{
  "version": 4,
  "terraform_version": "0.14.8",
  "serial": 38,
  "lineage": "4ab09491-3b7f-8ab7-3dc5-837a5cbecbec",
  "outputs": {},
  "resources": [
    {
      "mode": "managed",
      "type": "aws_glue_job",
      "name": "test_glue_job",
      "provider": "provider[\"registry.terraform.io/hashicorp/aws\"]",
      "instances": [
        {
          "schema_version": 0,
          "attributes": {
            "arn": "arn:aws:glue:us-east-1:059301455716:job/job1",
            "command": [
              {
                "name": "glueetl",
                "python_version": "3",
                "script_location": "s3://passei-direto-datalake-raw-artifacts/example.py"
              }
            ],
            "connections": null,
            "default_arguments": null,
            "description": "",
            "execution_property": [
              {
                "max_concurrent_runs": 1
              }
            ],
            "glue_version": "",
            "id": "job1",
            "max_capacity": 10,
            "max_retries": 0,
            "name": "job1",
            "non_overridable_arguments": null,
            "notification_property": [],
            "number_of_workers": 0,
            "role_arn": "arn:aws:iam::059301455716:role/role_glue",
            "security_configuration": "",
            "tags": null,
            "timeout": 2880,
            "worker_type": ""
          },
          "sensitive_attributes": [],
          "private": "bnVsbA==",
          "dependencies": [
            "aws_iam_policy.policy_athena",
            "aws_iam_policy.policy_cloudwatch",
            "aws_iam_policy.policy_s3",
            "aws_iam_role.role_glue",
            "aws_s3_bucket.artifacts"
          ]
        }
      ]
    },
    {
      "mode": "managed",
      "type": "aws_iam_policy",
      "name": "policy_athena",
      "provider": "provider[\"registry.terraform.io/hashicorp/aws\"]",
      "instances": [
        {
          "schema_version": 0,
          "attributes": {
            "arn": "arn:aws:iam::059301455716:policy/policy-athena-full-access",
            "description": "",
            "id": "arn:aws:iam::059301455716:policy/policy-athena-full-access",
            "name": "policy-athena-full-access",
            "name_prefix": null,
            "path": "/",
            "policy": "{\"Statement\":[{\"Action\":[\"athena:*\"],\"Effect\":\"Allow\",\"Resource\":[\"*\"]},{\"Action\":[\"glue:CreateDatabase\",\"glue:DeleteDatabase\",\"glue:GetDatabase\",\"glue:GetDatabases\",\"glue:UpdateDatabase\",\"glue:CreateTable\",\"glue:DeleteTable\",\"glue:BatchDeleteTable\",\"glue:UpdateTable\",\"glue:GetTable\",\"glue:GetTables\",\"glue:BatchCreatePartition\",\"glue:CreatePartition\",\"glue:DeletePartition\",\"glue:BatchDeletePartition\",\"glue:UpdatePartition\",\"glue:GetPartition\",\"glue:GetPartitions\",\"glue:BatchGetPartition\"],\"Effect\":\"Allow\",\"Resource\":[\"*\"]},{\"Action\":[\"s3:GetBucketLocation\",\"s3:GetObject\",\"s3:ListBucket\",\"s3:ListBucketMultipartUploads\",\"s3:ListMultipartUploadParts\",\"s3:AbortMultipartUpload\",\"s3:CreateBucket\",\"s3:PutObject\"],\"Effect\":\"Allow\",\"Resource\":[\"arn:aws:s3:::aws-athena-query-results-*\"]},{\"Action\":[\"s3:GetObject\",\"s3:ListBucket\"],\"Effect\":\"Allow\",\"Resource\":[\"arn:aws:s3:::athena-examples*\"]},{\"Action\":[\"s3:ListBucket\",\"s3:GetBucketLocation\",\"s3:ListAllMyBuckets\"],\"Effect\":\"Allow\",\"Resource\":[\"*\"]},{\"Action\":[\"sns:ListTopics\",\"sns:GetTopicAttributes\"],\"Effect\":\"Allow\",\"Resource\":[\"*\"]},{\"Action\":[\"cloudwatch:PutMetricAlarm\",\"cloudwatch:DescribeAlarms\",\"cloudwatch:DeleteAlarms\"],\"Effect\":\"Allow\",\"Resource\":[\"*\"]},{\"Action\":[\"lakeformation:GetDataAccess\"],\"Effect\":\"Allow\",\"Resource\":[\"*\"]}],\"Version\":\"2012-10-17\"}"
          },
          "sensitive_attributes": [],
          "private": "bnVsbA=="
        }
      ]
    },
    {
      "mode": "managed",
      "type": "aws_iam_policy",
      "name": "policy_cloudwatch",
      "provider": "provider[\"registry.terraform.io/hashicorp/aws\"]",
      "instances": [
        {
          "schema_version": 0,
          "attributes": {
            "arn": "arn:aws:iam::059301455716:policy/policy-cloudwatch-full-access",
            "description": "",
            "id": "arn:aws:iam::059301455716:policy/policy-cloudwatch-full-access",
            "name": "policy-cloudwatch-full-access",
            "name_prefix": null,
            "path": "/",
            "policy": "{\"Statement\":[{\"Action\":[\"autoscaling:Describe*\",\"cloudwatch:*\",\"logs:*\",\"sns:*\",\"iam:GetPolicy\",\"iam:GetPolicyVersion\",\"iam:GetRole\"],\"Effect\":\"Allow\",\"Resource\":\"*\"},{\"Action\":\"iam:CreateServiceLinkedRole\",\"Condition\":{\"StringLike\":{\"iam:AWSServiceName\":\"events.amazonaws.com\"}},\"Effect\":\"Allow\",\"Resource\":\"arn:aws:iam::*:role/aws-service-role/events.amazonaws.com/AWSServiceRoleForCloudWatchEvents*\"}],\"Version\":\"2012-10-17\"}"
          },
          "sensitive_attributes": [],
          "private": "bnVsbA=="
        }
      ]
    },
    {
      "mode": "managed",
      "type": "aws_iam_policy",
      "name": "policy_s3",
      "provider": "provider[\"registry.terraform.io/hashicorp/aws\"]",
      "instances": [
        {
          "schema_version": 0,
          "attributes": {
            "arn": "arn:aws:iam::059301455716:policy/policy-s3-full-access",
            "description": "",
            "id": "arn:aws:iam::059301455716:policy/policy-s3-full-access",
            "name": "policy-s3-full-access",
            "name_prefix": null,
            "path": "/",
            "policy": "{\"Statement\":[{\"Action\":\"s3:*\",\"Effect\":\"Allow\",\"Resource\":\"*\"}],\"Version\":\"2012-10-17\"}"
          },
          "sensitive_attributes": [],
          "private": "bnVsbA=="
        }
      ]
    },
    {
      "mode": "managed",
      "type": "aws_iam_role",
      "name": "role_glue",
      "provider": "provider[\"registry.terraform.io/hashicorp/aws\"]",
      "instances": [
        {
          "schema_version": 0,
          "attributes": {
            "arn": "arn:aws:iam::059301455716:role/role_glue",
            "assume_role_policy": "{\"Version\":\"2012-10-17\",\"Statement\":[{\"Sid\":\"\",\"Effect\":\"Allow\",\"Principal\":{\"Service\":\"glue.amazonaws.com\"},\"Action\":\"sts:AssumeRole\"}]}",
            "create_date": "2021-03-26T03:14:45Z",
            "description": "",
            "force_detach_policies": false,
            "id": "role_glue",
            "inline_policy": [
              {
                "name": "",
                "policy": ""
              }
            ],
            "managed_policy_arns": [
              "arn:aws:iam::059301455716:policy/policy-athena-full-access",
              "arn:aws:iam::059301455716:policy/policy-cloudwatch-full-access",
              "arn:aws:iam::059301455716:policy/policy-s3-full-access"
            ],
            "max_session_duration": 3600,
            "name": "role_glue",
            "name_prefix": null,
            "path": "/",
            "permissions_boundary": null,
            "tags": null,
            "unique_id": "AROAQ3TVEM5SOI5UZEN6C"
          },
          "sensitive_attributes": [],
          "private": "bnVsbA==",
          "dependencies": [
            "aws_iam_policy.policy_athena",
            "aws_iam_policy.policy_cloudwatch",
            "aws_iam_policy.policy_s3"
          ]
        }
      ]
    },
    {
      "mode": "managed",
      "type": "aws_s3_bucket",
      "name": "artifacts",
      "provider": "provider[\"registry.terraform.io/hashicorp/aws\"]",
      "instances": [
        {
          "schema_version": 0,
          "attributes": {
            "acceleration_status": "",
            "acl": "private",
            "arn": "arn:aws:s3:::passei-direto-datalake-raw-artifacts",
            "bucket": "passei-direto-datalake-raw-artifacts",
            "bucket_domain_name": "passei-direto-datalake-raw-artifacts.s3.amazonaws.com",
            "bucket_prefix": null,
            "bucket_regional_domain_name": "passei-direto-datalake-raw-artifacts.s3.amazonaws.com",
            "cors_rule": [],
            "force_destroy": false,
            "grant": [],
            "hosted_zone_id": "Z3AQBSTGFYJSTF",
            "id": "passei-direto-datalake-raw-artifacts",
            "lifecycle_rule": [],
            "logging": [],
            "object_lock_configuration": [],
            "policy": null,
            "region": "us-east-1",
            "replication_configuration": [],
            "request_payer": "BucketOwner",
            "server_side_encryption_configuration": [],
            "tags": {
              "Name": "desafio-pd"
            },
            "versioning": [
              {
                "enabled": false,
                "mfa_delete": false
              }
            ],
            "website": [],
            "website_domain": null,
            "website_endpoint": null
          },
          "sensitive_attributes": [],
          "private": "bnVsbA=="
        }
      ]
    },
    {
      "mode": "managed",
      "type": "aws_s3_bucket",
      "name": "raw",
      "provider": "provider[\"registry.terraform.io/hashicorp/aws\"]",
      "instances": [
        {
          "schema_version": 0,
          "attributes": {
            "acceleration_status": "",
            "acl": "private",
            "arn": "arn:aws:s3:::passei-direto-datalake-raw-zone",
            "bucket": "passei-direto-datalake-raw-zone",
            "bucket_domain_name": "passei-direto-datalake-raw-zone.s3.amazonaws.com",
            "bucket_prefix": null,
            "bucket_regional_domain_name": "passei-direto-datalake-raw-zone.s3.amazonaws.com",
            "cors_rule": [],
            "force_destroy": false,
            "grant": [],
            "hosted_zone_id": "Z3AQBSTGFYJSTF",
            "id": "passei-direto-datalake-raw-zone",
            "lifecycle_rule": [],
            "logging": [],
            "object_lock_configuration": [],
            "policy": null,
            "region": "us-east-1",
            "replication_configuration": [],
            "request_payer": "BucketOwner",
            "server_side_encryption_configuration": [],
            "tags": {
              "Name": "desafio-pd"
            },
            "versioning": [
              {
                "enabled": false,
                "mfa_delete": false
              }
            ],
            "website": [],
            "website_domain": null,
            "website_endpoint": null
          },
          "sensitive_attributes": [],
          "private": "bnVsbA=="
        }
      ]
    },
    {
      "mode": "managed",
      "type": "aws_s3_bucket",
      "name": "refined",
      "provider": "provider[\"registry.terraform.io/hashicorp/aws\"]",
      "instances": [
        {
          "schema_version": 0,
          "attributes": {
            "acceleration_status": "",
            "acl": "private",
            "arn": "arn:aws:s3:::passei-direto-datalake-raw-refined",
            "bucket": "passei-direto-datalake-raw-refined",
            "bucket_domain_name": "passei-direto-datalake-raw-refined.s3.amazonaws.com",
            "bucket_prefix": null,
            "bucket_regional_domain_name": "passei-direto-datalake-raw-refined.s3.amazonaws.com",
            "cors_rule": [],
            "force_destroy": false,
            "grant": [],
            "hosted_zone_id": "Z3AQBSTGFYJSTF",
            "id": "passei-direto-datalake-raw-refined",
            "lifecycle_rule": [],
            "logging": [],
            "object_lock_configuration": [],
            "policy": null,
            "region": "us-east-1",
            "replication_configuration": [],
            "request_payer": "BucketOwner",
            "server_side_encryption_configuration": [],
            "tags": {
              "Name": "desafio-pd"
            },
            "versioning": [
              {
                "enabled": false,
                "mfa_delete": false
              }
            ],
            "website": [],
            "website_domain": null,
            "website_endpoint": null
          },
          "sensitive_attributes": [],
          "private": "bnVsbA=="
        }
      ]
    },
    {
      "mode": "managed",
      "type": "aws_s3_bucket",
      "name": "trusted",
      "provider": "provider[\"registry.terraform.io/hashicorp/aws\"]",
      "instances": [
        {
          "schema_version": 0,
          "attributes": {
            "acceleration_status": "",
            "acl": "private",
            "arn": "arn:aws:s3:::passei-direto-datalake-raw-trusted",
            "bucket": "passei-direto-datalake-raw-trusted",
            "bucket_domain_name": "passei-direto-datalake-raw-trusted.s3.amazonaws.com",
            "bucket_prefix": null,
            "bucket_regional_domain_name": "passei-direto-datalake-raw-trusted.s3.amazonaws.com",
            "cors_rule": [],
            "force_destroy": false,
            "grant": [],
            "hosted_zone_id": "Z3AQBSTGFYJSTF",
            "id": "passei-direto-datalake-raw-trusted",
            "lifecycle_rule": [],
            "logging": [],
            "object_lock_configuration": [],
            "policy": null,
            "region": "us-east-1",
            "replication_configuration": [],
            "request_payer": "BucketOwner",
            "server_side_encryption_configuration": [],
            "tags": {
              "Name": "desafio-pd"
            },
            "versioning": [
              {
                "enabled": false,
                "mfa_delete": false
              }
            ],
            "website": [],
            "website_domain": null,
            "website_endpoint": null
          },
          "sensitive_attributes": [],
          "private": "bnVsbA=="
        }
      ]
    }
  ]
}
